
Microsoft Visual Studio Solution File, Format Version 12.00
# Visual Studio Version 16
VisualStudioVersion = 16.0.31105.61
MinimumVisualStudioVersion = 10.0.40219.1
Project("{9A19103F-16F7-4668-BE54-9A1E7A4F7556}") = "InsuranceService", "InsuranceService\InsuranceService.csproj", "{CA89CD6E-0D2E-4686-ACD7-BC0AAB99283A}"
EndProject
Project("{9A19103F-16F7-4668-BE54-9A1E7A4F7556}") = "InsuranceService.Infrastructure", "InsuranceService.Infrastructure\InsuranceService.Infrastructure.csproj", "{4897606C-3863-4821-B77D-5CBE523BF790}"
EndProject
Project("{9A19103F-16F7-4668-BE54-9A1E7A4F7556}") = "InsuranceService.Domain", "InsuranceService.Domain\InsuranceService.Domain.csproj", "{11B05A2F-D7CC-497F-893B-9339A333CA5A}"
EndProject
Project("{FAE04EC0-301F-11D3-BF4B-00C04F79EFBC}") = "InsuranceService.ExceptionManagement", "InsuranceService.ExceptionManagement\InsuranceService.ExceptionManagement.csproj", "{F5B85B0E-0B82-4C38-B0CA-6FA6544FF928}"
EndProject
Project("{FAE04EC0-301F-11D3-BF4B-00C04F79EFBC}") = "InsuranceService.Logging", "InsuranceService.Logging\InsuranceService.Logging.csproj", "{7A5CBD57-612D-4AC3-BA90-C6D7DF8B701D}"
EndProject
Global
	GlobalSection(SolutionConfigurationPlatforms) = preSolution
		Debug|Any CPU = Debug|Any CPU
		Release|Any CPU = Release|Any CPU
	EndGlobalSection
	GlobalSection(ProjectConfigurationPlatforms) = postSolution
		{CA89CD6E-0D2E-4686-ACD7-BC0AAB99283A}.Debug|Any CPU.ActiveCfg = Debug|Any CPU
		{CA89CD6E-0D2E-4686-ACD7-BC0AAB99283A}.Debug|Any CPU.Build.0 = Debug|Any CPU
		{CA89CD6E-0D2E-4686-ACD7-BC0AAB99283A}.Release|Any CPU.ActiveCfg = Release|Any CPU
		{CA89CD6E-0D2E-4686-ACD7-BC0AAB99283A}.Release|Any CPU.Build.0 = Release|Any CPU
		{4897606C-3863-4821-B77D-5CBE523BF790}.Debug|Any CPU.ActiveCfg = Debug|Any CPU
		{4897606C-3863-4821-B77D-5CBE523BF790}.Debug|Any CPU.Build.0 = Debug|Any CPU
		{4897606C-3863-4821-B77D-5CBE523BF790}.Release|Any CPU.ActiveCfg = Release|Any CPU
		{4897606C-3863-4821-B77D-5CBE523BF790}.Release|Any CPU.Build.0 = Release|Any CPU
		{11B05A2F-D7CC-497F-893B-9339A333CA5A}.Debug|Any CPU.ActiveCfg = Debug|Any CPU
		{11B05A2F-D7CC-497F-893B-9339A333CA5A}.Debug|Any CPU.Build.0 = Debug|Any CPU
		{11B05A2F-D7CC-497F-893B-9339A333CA5A}.Release|Any CPU.ActiveCfg = Release|Any CPU
		{11B05A2F-D7CC-497F-893B-9339A333CA5A}.Release|Any CPU.Build.0 = Release|Any CPU
		{F5B85B0E-0B82-4C38-B0CA-6FA6544FF928}.Debug|Any CPU.ActiveCfg = Debug|Any CPU
		{F5B85B0E-0B82-4C38-B0CA-6FA6544FF928}.Debug|Any CPU.Build.0 = Debug|Any CPU
		{F5B85B0E-0B82-4C38-B0CA-6FA6544FF928}.Release|Any CPU.ActiveCfg = Release|Any CPU
		{F5B85B0E-0B82-4C38-B0CA-6FA6544FF928}.Release|Any CPU.Build.0 = Release|Any CPU
		{7A5CBD57-612D-4AC3-BA90-C6D7DF8B701D}.Debug|Any CPU.ActiveCfg = Debug|Any CPU
		{7A5CBD57-612D-4AC3-BA90-C6D7DF8B701D}.Debug|Any CPU.Build.0 = Debug|Any CPU
		{7A5CBD57-612D-4AC3-BA90-C6D7DF8B701D}.Release|Any CPU.ActiveCfg = Release|Any CPU
		{7A5CBD57-612D-4AC3-BA90-C6D7DF8B701D}.Release|Any CPU.Build.0 = Release|Any CPU
	EndGlobalSection
	GlobalSection(SolutionProperties) = preSolution
		HideSolutionNode = FALSE
	EndGlobalSection
	GlobalSection(ExtensibilityGlobals) = postSolution
		SolutionGuid = {368EAAAE-5567-41F6-B04D-E417BE1A98E7}
	EndGlobalSection
EndGlobal
